
Microsoft Visual Studio Solution File, Format Version 12.00
# Visual Studio Version 17
VisualStudioVersion = 17.0.31903.59
MinimumVisualStudioVersion = 10.0.40219.1
Project("{FAE04EC0-301F-11D3-BF4B-00C04F79EFBC}") = "AgendamentoTarefas", "AgendamentoTarefas.csproj", "{CBAA920A-0666-40E0-B825-0E2C278A5645}"
EndProject
Global
	GlobalSection(SolutionConfigurationPlatforms) = preSolution
		Debug|Any CPU = Debug|Any CPU
		Release|Any CPU = Release|Any CPU
	EndGlobalSection
	GlobalSection(SolutionProperties) = preSolution
		HideSolutionNode = FALSE
	EndGlobalSection
	GlobalSection(ProjectConfigurationPlatforms) = postSolution
		{165FC2DE-62D5-4D61-BB5F-3D38823A4655}.Debug|Any CPU.ActiveCfg = Debug|Any CPU
		{165FC2DE-62D5-4D61-BB5F-3D38823A4655}.Debug|Any CPU.Build.0 = Debug|Any CPU
		{165FC2DE-62D5-4D61-BB5F-3D38823A4655}.Release|Any CPU.ActiveCfg = Release|Any CPU
		{165FC2DE-62D5-4D61-BB5F-3D38823A4655}.Release|Any CPU.Build.0 = Release|Any CPU
		{CBAA920A-0666-40E0-B825-0E2C278A5645}.Debug|Any CPU.ActiveCfg = Debug|Any CPU
		{CBAA920A-0666-40E0-B825-0E2C278A5645}.Debug|Any CPU.Build.0 = Debug|Any CPU
		{CBAA920A-0666-40E0-B825-0E2C278A5645}.Release|Any CPU.ActiveCfg = Release|Any CPU
		{CBAA920A-0666-40E0-B825-0E2C278A5645}.Release|Any CPU.Build.0 = Release|Any CPU
	EndGlobalSection
EndGlobal
