
Microsoft Visual Studio Solution File, Format Version 12.00
# Visual Studio Version 17
VisualStudioVersion = 17.5.002.0
MinimumVisualStudioVersion = 10.0.40219.1
Project("{9A19103F-16F7-4668-BE54-9A1E7A4F7556}") = "DesafioPOO", "DesafioPOO.csproj", "{1613384F-B9D9-4255-8D80-814B046096A0}"
EndProject
Global
	GlobalSection(SolutionConfigurationPlatforms) = preSolution
		Debug|Any CPU = Debug|Any CPU
		Release|Any CPU = Release|Any CPU
	EndGlobalSection
	GlobalSection(ProjectConfigurationPlatforms) = postSolution
		{1613384F-B9D9-4255-8D80-814B046096A0}.Debug|Any CPU.ActiveCfg = Debug|Any CPU
		{1613384F-B9D9-4255-8D80-814B046096A0}.Debug|Any CPU.Build.0 = Debug|Any CPU
		{1613384F-B9D9-4255-8D80-814B046096A0}.Release|Any CPU.ActiveCfg = Release|Any CPU
		{1613384F-B9D9-4255-8D80-814B046096A0}.Release|Any CPU.Build.0 = Release|Any CPU
	EndGlobalSection
	GlobalSection(SolutionProperties) = preSolution
		HideSolutionNode = FALSE
	EndGlobalSection
	GlobalSection(ExtensibilityGlobals) = postSolution
		SolutionGuid = {BA63F0F3-A6C1-4D9A-838D-49721FC5D49F}
	EndGlobalSection
EndGlobal
